
Microsoft Visual Studio Solution File, Format Version 12.00
# Visual Studio 15
VisualStudioVersion = 15.0.27703.2042
MinimumVisualStudioVersion = 10.0.40219.1
Project("{E24C65DC-7377-472B-9ABA-BC803B73C61A}") = "TriangleServer(1)", "TriangleServer\", "{72C7D002-B620-4CD8-A91E-55B7EA9345FD}"
	ProjectSection(WebsiteProperties) = preProject
		TargetFrameworkMoniker = ".NETFramework,Version%3Dv4.6.1"
		Debug.AspNetCompiler.VirtualPath = "/localhost_53479"
		Debug.AspNetCompiler.PhysicalPath = "TriangleServer\"
		Debug.AspNetCompiler.TargetPath = "PrecompiledWeb\localhost_53479\"
		Debug.AspNetCompiler.Updateable = "true"
		Debug.AspNetCompiler.ForceOverwrite = "true"
		Debug.AspNetCompiler.FixedNames = "false"
		Debug.AspNetCompiler.Debug = "True"
		Release.AspNetCompiler.VirtualPath = "/localhost_53479"
		Release.AspNetCompiler.PhysicalPath = "TriangleServer\"
		Release.AspNetCompiler.TargetPath = "PrecompiledWeb\localhost_53479\"
		Release.AspNetCompiler.Updateable = "true"
		Release.AspNetCompiler.ForceOverwrite = "true"
		Release.AspNetCompiler.FixedNames = "false"
		Release.AspNetCompiler.Debug = "False"
		VWDPort = "53479"
		SlnRelativePath = "TriangleServer\"
		DefaultWebSiteLanguage = "Visual C#"
	EndProjectSection
EndProject
Project("{FAE04EC0-301F-11D3-BF4B-00C04F79EFBC}") = "TriangleMVC", "TriangleMVC\TriangleMVC.csproj", "{D6885EA7-12C0-4750-8D0F-783E84CEC181}"
EndProject
Global
	GlobalSection(SolutionConfigurationPlatforms) = preSolution
		Debug|Any CPU = Debug|Any CPU
		Release|Any CPU = Release|Any CPU
	EndGlobalSection
	GlobalSection(ProjectConfigurationPlatforms) = postSolution
		{72C7D002-B620-4CD8-A91E-55B7EA9345FD}.Debug|Any CPU.ActiveCfg = Debug|Any CPU
		{72C7D002-B620-4CD8-A91E-55B7EA9345FD}.Debug|Any CPU.Build.0 = Debug|Any CPU
		{72C7D002-B620-4CD8-A91E-55B7EA9345FD}.Release|Any CPU.ActiveCfg = Debug|Any CPU
		{72C7D002-B620-4CD8-A91E-55B7EA9345FD}.Release|Any CPU.Build.0 = Debug|Any CPU
		{D6885EA7-12C0-4750-8D0F-783E84CEC181}.Debug|Any CPU.ActiveCfg = Debug|Any CPU
		{D6885EA7-12C0-4750-8D0F-783E84CEC181}.Debug|Any CPU.Build.0 = Debug|Any CPU
		{D6885EA7-12C0-4750-8D0F-783E84CEC181}.Release|Any CPU.ActiveCfg = Release|Any CPU
		{D6885EA7-12C0-4750-8D0F-783E84CEC181}.Release|Any CPU.Build.0 = Release|Any CPU
	EndGlobalSection
	GlobalSection(SolutionProperties) = preSolution
		HideSolutionNode = FALSE
	EndGlobalSection
	GlobalSection(ExtensibilityGlobals) = postSolution
		SolutionGuid = {7996F1D5-56B8-4E7E-BFFD-059C1D5EFDD7}
	EndGlobalSection
EndGlobal
